{
  "nodes": {
    "nixpkgs": {
      "locked": {
        "lastModified": 1723938990,
        "narHash": "sha256-9tUadhnZQbWIiYVXH8ncfGXGvkNq3Hag4RCBEMUk7MI=",
        "owner": "NixOS",
        "repo": "nixpkgs",
        "rev": "c42fcfbdfeae23e68fc520f9182dde9f38ad1890",
        "type": "github"
      },
      "original": {
        "owner": "NixOS",
        "ref": "nixos-24.05",
        "repo": "nixpkgs",
        "type": "github"
      }
    },
    "root": {
      "inputs": {
        "nixpkgs": "nixpkgs",
        "rust-overlay": "rust-overlay"
      }
    },
    "rust-overlay": {
      "inputs": {
        "nixpkgs": [
          "nixpkgs"
        ]
      },
      "locked": {
        "lastModified": 1724034091,
        "narHash": "sha256-b1g7w0sw+MDAhUAeCoX1vlTghsqcDZkxr+k9OZmxPa8=",
        "owner": "oxalica",
        "repo": "rust-overlay",
        "rev": "c7d36e0947826e0751a5214ffe82533fbc909bc0",
        "type": "github"
      },
      "original": {
        "owner": "oxalica",
        "repo": "rust-overlay",
        "type": "github"
      }
    }
  },
  "root": "root",
  "version": 7
}
