{
  "nodes": {
    "nix-vm-test": {
      "inputs": {
        "nixpkgs": [
          "nixpkgs"
        ]
      },
      "locked": {
        "lastModified": 1759132147,
        "narHash": "sha256-1+fGmp2Xh/02P01WomFpOuZDo5giHrG9HI8X5hVN4HY=",
        "owner": "numtide",
        "repo": "nix-vm-test",
        "rev": "fa1975470f1f2ff1b1facaaf55010c5e5bb1b3bd",
        "type": "github"
      },
      "original": {
        "owner": "numtide",
        "repo": "nix-vm-test",
        "type": "github"
      }
    },
    "nixpkgs": {
      "locked": {
        "lastModified": 1762363567,
        "narHash": "sha256-YRqMDEtSMbitIMj+JLpheSz0pwEr0Rmy5mC7myl17xs=",
        "owner": "NixOS",
        "repo": "nixpkgs",
        "rev": "ae814fd3904b621d8ab97418f1d0f2eb0d3716f4",
        "type": "github"
      },
      "original": {
        "owner": "NixOS",
        "ref": "nixos-unstable",
        "repo": "nixpkgs",
        "type": "github"
      }
    },
    "root": {
      "inputs": {
        "nix-vm-test": "nix-vm-test",
        "nixpkgs": "nixpkgs",
        "rust-overlay": "rust-overlay"
      }
    },
    "rust-overlay": {
      "inputs": {
        "nixpkgs": [
          "nixpkgs"
        ]
      },
      "locked": {
        "lastModified": 1762655942,
        "narHash": "sha256-hOM12KcQNQALrhB9w6KJmV5hPpm3GA763HRe9o7JUiI=",
        "owner": "oxalica",
        "repo": "rust-overlay",
        "rev": "6ac961b02d4235572692241e333d0470637f5492",
        "type": "github"
      },
      "original": {
        "owner": "oxalica",
        "repo": "rust-overlay",
        "type": "github"
      }
    }
  },
  "root": "root",
  "version": 7
}
